{
  "name": "india-phone-circle-locator-demo",
  "version": "1.0.0",
  "lockfileVersion": 3,
  "requires": true,
  "packages": {
    "": {
      "name": "india-phone-circle-locator-demo",
      "version": "1.0.0",
      "dependencies": {
        "india-phone-circle-locator": "file:.."
      }
    },
    "..": {
      "name": "india-phone-circle-locator",
      "version": "1.0.0",
      "license": "MIT"
    },
    "node_modules/india-phone-circle-locator": {
      "resolved": "..",
      "link": true
    }
  }
}
